// !$*UTF8*$!
{
	archiveVersion = 1;
	classes = {
	};
	objectVersion = 56;
	objects = {

/* Begin PBXBuildFile section */
		4C2CE7B5B4492A6AD18EE508 /* Pods_iOSChatExampleTests.framework in Frameworks */ = {isa = PBXBuildFile; fileRef = AED8EA0CC8097833A3D2AAD6 /* Pods_iOSChatExampleTests.framework */; };
		76CBA3E0933F4899FC8FE220 /* Pods_iOSChatExample.framework in Frameworks */ = {isa = PBXBuildFile; fileRef = 9334EF492AF9ECD41BED6E08 /* Pods_iOSChatExample.framework */; };
		7E91591C2BBE674200821C05 /* Assets.xcassets in Resources */ = {isa = PBXBuildFile; fileRef = 7E91591B2BBE674200821C05 /* Assets.xcassets */; };
		7E91591F2BBE674200821C05 /* Preview Assets.xcassets in Resources */ = {isa = PBXBuildFile; fileRef = 7E91591E2BBE674200821C05 /* Preview Assets.xcassets */; };
		7E9159292BBE674200821C05 /* iOSChatExampleTests.swift in Sources */ = {isa = PBXBuildFile; fileRef = 7E9159282BBE674200821C05 /* iOSChatExampleTests.swift */; };
		7E9159332BBE674200821C05 /* iOSChatExampleUITests.swift in Sources */ = {isa = PBXBuildFile; fileRef = 7E9159322BBE674200821C05 /* iOSChatExampleUITests.swift */; };
		7E9159352BBE674200821C05 /* iOSChatExampleUITestsLaunchTests.swift in Sources */ = {isa = PBXBuildFile; fileRef = 7E9159342BBE674200821C05 /* iOSChatExampleUITestsLaunchTests.swift */; };
		7E9159602BBE67D500821C05 /* TypingIndicator.swift in Sources */ = {isa = PBXBuildFile; fileRef = 7E9159422BBE67D500821C05 /* TypingIndicator.swift */; };
		7E9159612BBE67D500821C05 /* TestView.swift in Sources */ = {isa = PBXBuildFile; fileRef = 7E9159432BBE67D500821C05 /* TestView.swift */; };
		7E9159622BBE67D500821C05 /* QuickReplyContentView.swift in Sources */ = {isa = PBXBuildFile; fileRef = 7E9159442BBE67D500821C05 /* QuickReplyContentView.swift */; };
		7E9159632BBE67D500821C05 /* ListPickerContentView.swift in Sources */ = {isa = PBXBuildFile; fileRef = 7E9159452BBE67D500821C05 /* ListPickerContentView.swift */; };
		7E9159642BBE67D500821C05 /* ChatMessageView.swift in Sources */ = {isa = PBXBuildFile; fileRef = 7E9159462BBE67D500821C05 /* ChatMessageView.swift */; };
		7E9159652BBE67D500821C05 /* ChatView.swift in Sources */ = {isa = PBXBuildFile; fileRef = 7E9159472BBE67D500821C05 /* ChatView.swift */; };
		7E9159662BBE67D500821C05 /* ContentView.swift in Sources */ = {isa = PBXBuildFile; fileRef = 7E9159482BBE67D500821C05 /* ContentView.swift */; };
		7E9159672BBE67D500821C05 /* FloatingButton.swift in Sources */ = {isa = PBXBuildFile; fileRef = 7E9159492BBE67D500821C05 /* FloatingButton.swift */; };
		7E9159682BBE67D500821C05 /* ChatApp.swift in Sources */ = {isa = PBXBuildFile; fileRef = 7E91594A2BBE67D500821C05 /* ChatApp.swift */; };
		7E9159692BBE67D500821C05 /* Config.swift in Sources */ = {isa = PBXBuildFile; fileRef = 7E91594C2BBE67D500821C05 /* Config.swift */; };
		7E91596A2BBE67D500821C05 /* AppDelegate.swift in Sources */ = {isa = PBXBuildFile; fileRef = 7E91594D2BBE67D500821C05 /* AppDelegate.swift */; };
		7E91596B2BBE67D500821C05 /* SceneDelegate.swift in Sources */ = {isa = PBXBuildFile; fileRef = 7E91594E2BBE67D500821C05 /* SceneDelegate.swift */; };
		7E91596C2BBE67D500821C05 /* MessageContent.swift in Sources */ = {isa = PBXBuildFile; fileRef = 7E9159502BBE67D500821C05 /* MessageContent.swift */; };
		7E91596D2BBE67D500821C05 /* CreateStartChatResponse.swift in Sources */ = {isa = PBXBuildFile; fileRef = 7E9159512BBE67D500821C05 /* CreateStartChatResponse.swift */; };
		7E91596E2BBE67D500821C05 /* Message.swift in Sources */ = {isa = PBXBuildFile; fileRef = 7E9159522BBE67D500821C05 /* Message.swift */; };
		7E91596F2BBE67D500821C05 /* NetworkManager.swift in Sources */ = {isa = PBXBuildFile; fileRef = 7E9159532BBE67D500821C05 /* NetworkManager.swift */; };
		7E9159702BBE67D500821C05 /* CreateStartChatRequest.swift in Sources */ = {isa = PBXBuildFile; fileRef = 7E9159542BBE67D500821C05 /* CreateStartChatRequest.swift */; };
		7E9159712BBE67D500821C05 /* ChatManager.swift in Sources */ = {isa = PBXBuildFile; fileRef = 7E9159552BBE67D500821C05 /* ChatManager.swift */; };
		7E9159722BBE67D500821C05 /* TranscriptResponse.swift in Sources */ = {isa = PBXBuildFile; fileRef = 7E9159562BBE67D500821C05 /* TranscriptResponse.swift */; };
		7E9159732BBE67D500821C05 /* WebSocketManager.swift in Sources */ = {isa = PBXBuildFile; fileRef = 7E9159572BBE67D500821C05 /* WebSocketManager.swift */; };
		7E9159742BBE67D500821C05 /* ChatEvent.swift in Sources */ = {isa = PBXBuildFile; fileRef = 7E9159592BBE67D500821C05 /* ChatEvent.swift */; };
		7E9159752BBE67D500821C05 /* DefaultHttpClient.swift in Sources */ = {isa = PBXBuildFile; fileRef = 7E91595B2BBE67D500821C05 /* DefaultHttpClient.swift */; };
		7E9159762BBE67D500821C05 /* HttpMethod.swift in Sources */ = {isa = PBXBuildFile; fileRef = 7E91595C2BBE67D500821C05 /* HttpMethod.swift */; };
		7E9159772BBE67D500821C05 /* HttpHeader.swift in Sources */ = {isa = PBXBuildFile; fileRef = 7E91595D2BBE67D500821C05 /* HttpHeader.swift */; };
		7E9159782BBE67D500821C05 /* HttpClient.swift in Sources */ = {isa = PBXBuildFile; fileRef = 7E91595E2BBE67D500821C05 /* HttpClient.swift */; };
		7E9159792BBE67D500821C05 /* CommonUtils.swift in Sources */ = {isa = PBXBuildFile; fileRef = 7E91595F2BBE67D500821C05 /* CommonUtils.swift */; };
		F202396070A99BAF4EAB9C84 /* Pods_iOSChatExample_iOSChatExampleUITests.framework in Frameworks */ = {isa = PBXBuildFile; fileRef = 49C6367BB2D0876643D5395F /* Pods_iOSChatExample_iOSChatExampleUITests.framework */; };
/* End PBXBuildFile section */

/* Begin PBXContainerItemProxy section */
		7E9159252BBE674200821C05 /* PBXContainerItemProxy */ = {
			isa = PBXContainerItemProxy;
			containerPortal = 7E91590C2BBE674100821C05 /* Project object */;
			proxyType = 1;
			remoteGlobalIDString = 7E9159132BBE674100821C05;
			remoteInfo = iOSChatExample;
		};
		7E91592F2BBE674200821C05 /* PBXContainerItemProxy */ = {
			isa = PBXContainerItemProxy;
			containerPortal = 7E91590C2BBE674100821C05 /* Project object */;
			proxyType = 1;
			remoteGlobalIDString = 7E9159132BBE674100821C05;
			remoteInfo = iOSChatExample;
		};
/* End PBXContainerItemProxy section */

/* Begin PBXFileReference section */
		49C6367BB2D0876643D5395F /* Pods_iOSChatExample_iOSChatExampleUITests.framework */ = {isa = PBXFileReference; explicitFileType = wrapper.framework; includeInIndex = 0; path = Pods_iOSChatExample_iOSChatExampleUITests.framework; sourceTree = BUILT_PRODUCTS_DIR; };
		4DA7AD106CD43AFBCDA6B713 /* Pods-iOSChatExample.release.xcconfig */ = {isa = PBXFileReference; includeInIndex = 1; lastKnownFileType = text.xcconfig; name = "Pods-iOSChatExample.release.xcconfig"; path = "Target Support Files/Pods-iOSChatExample/Pods-iOSChatExample.release.xcconfig"; sourceTree = "<group>"; };
		65AC4142F3B70089B68792DD /* Pods-iOSChatExampleTests.release.xcconfig */ = {isa = PBXFileReference; includeInIndex = 1; lastKnownFileType = text.xcconfig; name = "Pods-iOSChatExampleTests.release.xcconfig"; path = "Target Support Files/Pods-iOSChatExampleTests/Pods-iOSChatExampleTests.release.xcconfig"; sourceTree = "<group>"; };
		7E9159142BBE674100821C05 /* iOSChatExample.app */ = {isa = PBXFileReference; explicitFileType = wrapper.application; includeInIndex = 0; path = iOSChatExample.app; sourceTree = BUILT_PRODUCTS_DIR; };
		7E91591B2BBE674200821C05 /* Assets.xcassets */ = {isa = PBXFileReference; lastKnownFileType = folder.assetcatalog; path = Assets.xcassets; sourceTree = "<group>"; };
		7E91591E2BBE674200821C05 /* Preview Assets.xcassets */ = {isa = PBXFileReference; lastKnownFileType = folder.assetcatalog; path = "Preview Assets.xcassets"; sourceTree = "<group>"; };
		7E9159242BBE674200821C05 /* iOSChatExampleTests.xctest */ = {isa = PBXFileReference; explicitFileType = wrapper.cfbundle; includeInIndex = 0; path = iOSChatExampleTests.xctest; sourceTree = BUILT_PRODUCTS_DIR; };
		7E9159282BBE674200821C05 /* iOSChatExampleTests.swift */ = {isa = PBXFileReference; lastKnownFileType = sourcecode.swift; path = iOSChatExampleTests.swift; sourceTree = "<group>"; };
		7E91592E2BBE674200821C05 /* iOSChatExampleUITests.xctest */ = {isa = PBXFileReference; explicitFileType = wrapper.cfbundle; includeInIndex = 0; path = iOSChatExampleUITests.xctest; sourceTree = BUILT_PRODUCTS_DIR; };
		7E9159322BBE674200821C05 /* iOSChatExampleUITests.swift */ = {isa = PBXFileReference; lastKnownFileType = sourcecode.swift; path = iOSChatExampleUITests.swift; sourceTree = "<group>"; };
		7E9159342BBE674200821C05 /* iOSChatExampleUITestsLaunchTests.swift */ = {isa = PBXFileReference; lastKnownFileType = sourcecode.swift; path = iOSChatExampleUITestsLaunchTests.swift; sourceTree = "<group>"; };
		7E9159422BBE67D500821C05 /* TypingIndicator.swift */ = {isa = PBXFileReference; fileEncoding = 4; lastKnownFileType = sourcecode.swift; path = TypingIndicator.swift; sourceTree = "<group>"; };
		7E9159432BBE67D500821C05 /* TestView.swift */ = {isa = PBXFileReference; fileEncoding = 4; lastKnownFileType = sourcecode.swift; path = TestView.swift; sourceTree = "<group>"; };
		7E9159442BBE67D500821C05 /* QuickReplyContentView.swift */ = {isa = PBXFileReference; fileEncoding = 4; lastKnownFileType = sourcecode.swift; path = QuickReplyContentView.swift; sourceTree = "<group>"; };
		7E9159452BBE67D500821C05 /* ListPickerContentView.swift */ = {isa = PBXFileReference; fileEncoding = 4; lastKnownFileType = sourcecode.swift; path = ListPickerContentView.swift; sourceTree = "<group>"; };
		7E9159462BBE67D500821C05 /* ChatMessageView.swift */ = {isa = PBXFileReference; fileEncoding = 4; lastKnownFileType = sourcecode.swift; path = ChatMessageView.swift; sourceTree = "<group>"; };
		7E9159472BBE67D500821C05 /* ChatView.swift */ = {isa = PBXFileReference; fileEncoding = 4; lastKnownFileType = sourcecode.swift; path = ChatView.swift; sourceTree = "<group>"; };
		7E9159482BBE67D500821C05 /* ContentView.swift */ = {isa = PBXFileReference; fileEncoding = 4; lastKnownFileType = sourcecode.swift; path = ContentView.swift; sourceTree = "<group>"; };
		7E9159492BBE67D500821C05 /* FloatingButton.swift */ = {isa = PBXFileReference; fileEncoding = 4; lastKnownFileType = sourcecode.swift; path = FloatingButton.swift; sourceTree = "<group>"; };
		7E91594A2BBE67D500821C05 /* ChatApp.swift */ = {isa = PBXFileReference; fileEncoding = 4; lastKnownFileType = sourcecode.swift; path = ChatApp.swift; sourceTree = "<group>"; };
		7E91594C2BBE67D500821C05 /* Config.swift */ = {isa = PBXFileReference; fileEncoding = 4; lastKnownFileType = sourcecode.swift; path = Config.swift; sourceTree = "<group>"; };
		7E91594D2BBE67D500821C05 /* AppDelegate.swift */ = {isa = PBXFileReference; fileEncoding = 4; lastKnownFileType = sourcecode.swift; path = AppDelegate.swift; sourceTree = "<group>"; };
		7E91594E2BBE67D500821C05 /* SceneDelegate.swift */ = {isa = PBXFileReference; fileEncoding = 4; lastKnownFileType = sourcecode.swift; path = SceneDelegate.swift; sourceTree = "<group>"; };
		7E9159502BBE67D500821C05 /* MessageContent.swift */ = {isa = PBXFileReference; fileEncoding = 4; lastKnownFileType = sourcecode.swift; path = MessageContent.swift; sourceTree = "<group>"; };
		7E9159512BBE67D500821C05 /* CreateStartChatResponse.swift */ = {isa = PBXFileReference; fileEncoding = 4; lastKnownFileType = sourcecode.swift; path = CreateStartChatResponse.swift; sourceTree = "<group>"; };
		7E9159522BBE67D500821C05 /* Message.swift */ = {isa = PBXFileReference; fileEncoding = 4; lastKnownFileType = sourcecode.swift; path = Message.swift; sourceTree = "<group>"; };
		7E9159532BBE67D500821C05 /* NetworkManager.swift */ = {isa = PBXFileReference; fileEncoding = 4; lastKnownFileType = sourcecode.swift; path = NetworkManager.swift; sourceTree = "<group>"; };
		7E9159542BBE67D500821C05 /* CreateStartChatRequest.swift */ = {isa = PBXFileReference; fileEncoding = 4; lastKnownFileType = sourcecode.swift; path = CreateStartChatRequest.swift; sourceTree = "<group>"; };
		7E9159552BBE67D500821C05 /* ChatManager.swift */ = {isa = PBXFileReference; fileEncoding = 4; lastKnownFileType = sourcecode.swift; path = ChatManager.swift; sourceTree = "<group>"; };
		7E9159562BBE67D500821C05 /* TranscriptResponse.swift */ = {isa = PBXFileReference; fileEncoding = 4; lastKnownFileType = sourcecode.swift; path = TranscriptResponse.swift; sourceTree = "<group>"; };
		7E9159572BBE67D500821C05 /* WebSocketManager.swift */ = {isa = PBXFileReference; fileEncoding = 4; lastKnownFileType = sourcecode.swift; path = WebSocketManager.swift; sourceTree = "<group>"; };
		7E9159592BBE67D500821C05 /* ChatEvent.swift */ = {isa = PBXFileReference; fileEncoding = 4; lastKnownFileType = sourcecode.swift; path = ChatEvent.swift; sourceTree = "<group>"; };
		7E91595B2BBE67D500821C05 /* DefaultHttpClient.swift */ = {isa = PBXFileReference; fileEncoding = 4; lastKnownFileType = sourcecode.swift; path = DefaultHttpClient.swift; sourceTree = "<group>"; };
		7E91595C2BBE67D500821C05 /* HttpMethod.swift */ = {isa = PBXFileReference; fileEncoding = 4; lastKnownFileType = sourcecode.swift; path = HttpMethod.swift; sourceTree = "<group>"; };
		7E91595D2BBE67D500821C05 /* HttpHeader.swift */ = {isa = PBXFileReference; fileEncoding = 4; lastKnownFileType = sourcecode.swift; path = HttpHeader.swift; sourceTree = "<group>"; };
		7E91595E2BBE67D500821C05 /* HttpClient.swift */ = {isa = PBXFileReference; fileEncoding = 4; lastKnownFileType = sourcecode.swift; path = HttpClient.swift; sourceTree = "<group>"; };
		7E91595F2BBE67D500821C05 /* CommonUtils.swift */ = {isa = PBXFileReference; fileEncoding = 4; lastKnownFileType = sourcecode.swift; path = CommonUtils.swift; sourceTree = "<group>"; };
		87BDA2C5D5797785082F5C61 /* Pods-iOSChatExample.debug.xcconfig */ = {isa = PBXFileReference; includeInIndex = 1; lastKnownFileType = text.xcconfig; name = "Pods-iOSChatExample.debug.xcconfig"; path = "Target Support Files/Pods-iOSChatExample/Pods-iOSChatExample.debug.xcconfig"; sourceTree = "<group>"; };
		9334EF492AF9ECD41BED6E08 /* Pods_iOSChatExample.framework */ = {isa = PBXFileReference; explicitFileType = wrapper.framework; includeInIndex = 0; path = Pods_iOSChatExample.framework; sourceTree = BUILT_PRODUCTS_DIR; };
		96C0239A868D653B1596D9D5 /* Pods-iOSChatExample-iOSChatExampleUITests.release.xcconfig */ = {isa = PBXFileReference; includeInIndex = 1; lastKnownFileType = text.xcconfig; name = "Pods-iOSChatExample-iOSChatExampleUITests.release.xcconfig"; path = "Target Support Files/Pods-iOSChatExample-iOSChatExampleUITests/Pods-iOSChatExample-iOSChatExampleUITests.release.xcconfig"; sourceTree = "<group>"; };
		AC5E6D01633F96994CE633CA /* Pods-iOSChatExample-iOSChatExampleUITests.debug.xcconfig */ = {isa = PBXFileReference; includeInIndex = 1; lastKnownFileType = text.xcconfig; name = "Pods-iOSChatExample-iOSChatExampleUITests.debug.xcconfig"; path = "Target Support Files/Pods-iOSChatExample-iOSChatExampleUITests/Pods-iOSChatExample-iOSChatExampleUITests.debug.xcconfig"; sourceTree = "<group>"; };
		AED8EA0CC8097833A3D2AAD6 /* Pods_iOSChatExampleTests.framework */ = {isa = PBXFileReference; explicitFileType = wrapper.framework; includeInIndex = 0; path = Pods_iOSChatExampleTests.framework; sourceTree = BUILT_PRODUCTS_DIR; };
		FF3B8D52D30464DDBCE5C30F /* Pods-iOSChatExampleTests.debug.xcconfig */ = {isa = PBXFileReference; includeInIndex = 1; lastKnownFileType = text.xcconfig; name = "Pods-iOSChatExampleTests.debug.xcconfig"; path = "Target Support Files/Pods-iOSChatExampleTests/Pods-iOSChatExampleTests.debug.xcconfig"; sourceTree = "<group>"; };
/* End PBXFileReference section */

/* Begin PBXFrameworksBuildPhase section */
		7E9159112BBE674100821C05 /* Frameworks */ = {
			isa = PBXFrameworksBuildPhase;
			buildActionMask = 2147483647;
			files = (
				76CBA3E0933F4899FC8FE220 /* Pods_iOSChatExample.framework in Frameworks */,
			);
			runOnlyForDeploymentPostprocessing = 0;
		};
		7E9159212BBE674200821C05 /* Frameworks */ = {
			isa = PBXFrameworksBuildPhase;
			buildActionMask = 2147483647;
			files = (
				4C2CE7B5B4492A6AD18EE508 /* Pods_iOSChatExampleTests.framework in Frameworks */,
			);
			runOnlyForDeploymentPostprocessing = 0;
		};
		7E91592B2BBE674200821C05 /* Frameworks */ = {
			isa = PBXFrameworksBuildPhase;
			buildActionMask = 2147483647;
			files = (
				F202396070A99BAF4EAB9C84 /* Pods_iOSChatExample_iOSChatExampleUITests.framework in Frameworks */,
			);
			runOnlyForDeploymentPostprocessing = 0;
		};
/* End PBXFrameworksBuildPhase section */

/* Begin PBXGroup section */
		697C8D19CE221ADB8478DD5D /* Frameworks */ = {
			isa = PBXGroup;
			children = (
				9334EF492AF9ECD41BED6E08 /* Pods_iOSChatExample.framework */,
				49C6367BB2D0876643D5395F /* Pods_iOSChatExample_iOSChatExampleUITests.framework */,
				AED8EA0CC8097833A3D2AAD6 /* Pods_iOSChatExampleTests.framework */,
			);
			name = Frameworks;
			sourceTree = "<group>";
		};
		7E91590B2BBE674100821C05 = {
			isa = PBXGroup;
			children = (
				7E9159162BBE674100821C05 /* iOSChatExample */,
				7E9159272BBE674200821C05 /* iOSChatExampleTests */,
				7E9159312BBE674200821C05 /* iOSChatExampleUITests */,
				7E9159152BBE674100821C05 /* Products */,
				9854A531CD839217B39D6669 /* Pods */,
				697C8D19CE221ADB8478DD5D /* Frameworks */,
			);
			sourceTree = "<group>";
		};
		7E9159152BBE674100821C05 /* Products */ = {
			isa = PBXGroup;
			children = (
				7E9159142BBE674100821C05 /* iOSChatExample.app */,
				7E9159242BBE674200821C05 /* iOSChatExampleTests.xctest */,
				7E91592E2BBE674200821C05 /* iOSChatExampleUITests.xctest */,
			);
			name = Products;
			sourceTree = "<group>";
		};
		7E9159162BBE674100821C05 /* iOSChatExample */ = {
			isa = PBXGroup;
			children = (
				7E91594A2BBE67D500821C05 /* ChatApp.swift */,
				7E91594B2BBE67D500821C05 /* Common */,
				7E91594F2BBE67D500821C05 /* Models */,
				7E9159582BBE67D500821C05 /* Utils */,
				7E9159412BBE67D500821C05 /* Views */,
				7E91591B2BBE674200821C05 /* Assets.xcassets */,
				7E91591D2BBE674200821C05 /* Preview Content */,
			);
			path = iOSChatExample;
			sourceTree = "<group>";
		};
		7E91591D2BBE674200821C05 /* Preview Content */ = {
			isa = PBXGroup;
			children = (
				7E91591E2BBE674200821C05 /* Preview Assets.xcassets */,
			);
			path = "Preview Content";
			sourceTree = "<group>";
		};
		7E9159272BBE674200821C05 /* iOSChatExampleTests */ = {
			isa = PBXGroup;
			children = (
				7E9159282BBE674200821C05 /* iOSChatExampleTests.swift */,
			);
			path = iOSChatExampleTests;
			sourceTree = "<group>";
		};
		7E9159312BBE674200821C05 /* iOSChatExampleUITests */ = {
			isa = PBXGroup;
			children = (
				7E9159322BBE674200821C05 /* iOSChatExampleUITests.swift */,
				7E9159342BBE674200821C05 /* iOSChatExampleUITestsLaunchTests.swift */,
			);
			path = iOSChatExampleUITests;
			sourceTree = "<group>";
		};
		7E9159412BBE67D500821C05 /* Views */ = {
			isa = PBXGroup;
			children = (
				7E9159422BBE67D500821C05 /* TypingIndicator.swift */,
				7E9159432BBE67D500821C05 /* TestView.swift */,
				7E9159442BBE67D500821C05 /* QuickReplyContentView.swift */,
				7E9159452BBE67D500821C05 /* ListPickerContentView.swift */,
				7E9159462BBE67D500821C05 /* ChatMessageView.swift */,
				7E9159472BBE67D500821C05 /* ChatView.swift */,
				7E9159482BBE67D500821C05 /* ContentView.swift */,
				7E9159492BBE67D500821C05 /* FloatingButton.swift */,
			);
			path = Views;
			sourceTree = "<group>";
		};
		7E91594B2BBE67D500821C05 /* Common */ = {
			isa = PBXGroup;
			children = (
				7E91594C2BBE67D500821C05 /* Config.swift */,
				7E91594D2BBE67D500821C05 /* AppDelegate.swift */,
				7E91594E2BBE67D500821C05 /* SceneDelegate.swift */,
			);
			path = Common;
			sourceTree = "<group>";
		};
		7E91594F2BBE67D500821C05 /* Models */ = {
			isa = PBXGroup;
			children = (
				7E9159502BBE67D500821C05 /* MessageContent.swift */,
				7E9159512BBE67D500821C05 /* CreateStartChatResponse.swift */,
				7E9159522BBE67D500821C05 /* Message.swift */,
				7E9159532BBE67D500821C05 /* NetworkManager.swift */,
				7E9159542BBE67D500821C05 /* CreateStartChatRequest.swift */,
				7E9159552BBE67D500821C05 /* ChatManager.swift */,
				7E9159562BBE67D500821C05 /* TranscriptResponse.swift */,
				7E9159572BBE67D500821C05 /* WebSocketManager.swift */,
			);
			path = Models;
			sourceTree = "<group>";
		};
		7E9159582BBE67D500821C05 /* Utils */ = {
			isa = PBXGroup;
			children = (
				7E9159592BBE67D500821C05 /* ChatEvent.swift */,
				7E91595A2BBE67D500821C05 /* Network */,
				7E91595F2BBE67D500821C05 /* CommonUtils.swift */,
			);
			path = Utils;
			sourceTree = "<group>";
		};
		7E91595A2BBE67D500821C05 /* Network */ = {
			isa = PBXGroup;
			children = (
				7E91595B2BBE67D500821C05 /* DefaultHttpClient.swift */,
				7E91595C2BBE67D500821C05 /* HttpMethod.swift */,
				7E91595D2BBE67D500821C05 /* HttpHeader.swift */,
				7E91595E2BBE67D500821C05 /* HttpClient.swift */,
			);
			path = Network;
			sourceTree = "<group>";
		};
		9854A531CD839217B39D6669 /* Pods */ = {
			isa = PBXGroup;
			children = (
				87BDA2C5D5797785082F5C61 /* Pods-iOSChatExample.debug.xcconfig */,
				4DA7AD106CD43AFBCDA6B713 /* Pods-iOSChatExample.release.xcconfig */,
				AC5E6D01633F96994CE633CA /* Pods-iOSChatExample-iOSChatExampleUITests.debug.xcconfig */,
				96C0239A868D653B1596D9D5 /* Pods-iOSChatExample-iOSChatExampleUITests.release.xcconfig */,
				FF3B8D52D30464DDBCE5C30F /* Pods-iOSChatExampleTests.debug.xcconfig */,
				65AC4142F3B70089B68792DD /* Pods-iOSChatExampleTests.release.xcconfig */,
			);
			path = Pods;
			sourceTree = "<group>";
		};
/* End PBXGroup section */

/* Begin PBXNativeTarget section */
		7E9159132BBE674100821C05 /* iOSChatExample */ = {
			isa = PBXNativeTarget;
			buildConfigurationList = 7E9159382BBE674200821C05 /* Build configuration list for PBXNativeTarget "iOSChatExample" */;
			buildPhases = (
				894350A0FB9C50FBB494A0C1 /* [CP] Check Pods Manifest.lock */,
				7E9159102BBE674100821C05 /* Sources */,
				7E9159112BBE674100821C05 /* Frameworks */,
				7E9159122BBE674100821C05 /* Resources */,
				D9EE1FB40F98C2637947EDF0 /* [CP] Embed Pods Frameworks */,
			);
			buildRules = (
			);
			dependencies = (
			);
			name = iOSChatExample;
			productName = iOSChatExample;
			productReference = 7E9159142BBE674100821C05 /* iOSChatExample.app */;
			productType = "com.apple.product-type.application";
		};
		7E9159232BBE674200821C05 /* iOSChatExampleTests */ = {
			isa = PBXNativeTarget;
			buildConfigurationList = 7E91593B2BBE674200821C05 /* Build configuration list for PBXNativeTarget "iOSChatExampleTests" */;
			buildPhases = (
				8CD8B2CC823448A69FDCEC72 /* [CP] Check Pods Manifest.lock */,
				7E9159202BBE674200821C05 /* Sources */,
				7E9159212BBE674200821C05 /* Frameworks */,
				7E9159222BBE674200821C05 /* Resources */,
			);
			buildRules = (
			);
			dependencies = (
				7E9159262BBE674200821C05 /* PBXTargetDependency */,
			);
			name = iOSChatExampleTests;
			productName = iOSChatExampleTests;
			productReference = 7E9159242BBE674200821C05 /* iOSChatExampleTests.xctest */;
			productType = "com.apple.product-type.bundle.unit-test";
		};
		7E91592D2BBE674200821C05 /* iOSChatExampleUITests */ = {
			isa = PBXNativeTarget;
			buildConfigurationList = 7E91593E2BBE674200821C05 /* Build configuration list for PBXNativeTarget "iOSChatExampleUITests" */;
			buildPhases = (
				899FAB91E9FDD67C46E1CBA1 /* [CP] Check Pods Manifest.lock */,
				7E91592A2BBE674200821C05 /* Sources */,
				7E91592B2BBE674200821C05 /* Frameworks */,
				7E91592C2BBE674200821C05 /* Resources */,
				E7B35754B474C2D3BE9B1000 /* [CP] Embed Pods Frameworks */,
			);
			buildRules = (
			);
			dependencies = (
				7E9159302BBE674200821C05 /* PBXTargetDependency */,
			);
			name = iOSChatExampleUITests;
			productName = iOSChatExampleUITests;
			productReference = 7E91592E2BBE674200821C05 /* iOSChatExampleUITests.xctest */;
			productType = "com.apple.product-type.bundle.ui-testing";
		};
/* End PBXNativeTarget section */

/* Begin PBXProject section */
		7E91590C2BBE674100821C05 /* Project object */ = {
			isa = PBXProject;
			attributes = {
				BuildIndependentTargetsInParallel = 1;
				LastSwiftUpdateCheck = 1510;
				LastUpgradeCheck = 1510;
				TargetAttributes = {
					7E9159132BBE674100821C05 = {
						CreatedOnToolsVersion = 15.1;
						LastSwiftMigration = 1510;
					};
					7E9159232BBE674200821C05 = {
						CreatedOnToolsVersion = 15.1;
						TestTargetID = 7E9159132BBE674100821C05;
					};
					7E91592D2BBE674200821C05 = {
						CreatedOnToolsVersion = 15.1;
						TestTargetID = 7E9159132BBE674100821C05;
					};
				};
			};
			buildConfigurationList = 7E91590F2BBE674100821C05 /* Build configuration list for PBXProject "iOSChatExample" */;
			compatibilityVersion = "Xcode 14.0";
			developmentRegion = en;
			hasScannedForEncodings = 0;
			knownRegions = (
				en,
				Base,
			);
			mainGroup = 7E91590B2BBE674100821C05;
			productRefGroup = 7E9159152BBE674100821C05 /* Products */;
			projectDirPath = "";
			projectRoot = "";
			targets = (
				7E9159132BBE674100821C05 /* iOSChatExample */,
				7E9159232BBE674200821C05 /* iOSChatExampleTests */,
				7E91592D2BBE674200821C05 /* iOSChatExampleUITests */,
			);
		};
/* End PBXProject section */

/* Begin PBXResourcesBuildPhase section */
		7E9159122BBE674100821C05 /* Resources */ = {
			isa = PBXResourcesBuildPhase;
			buildActionMask = 2147483647;
			files = (
				7E91591F2BBE674200821C05 /* Preview Assets.xcassets in Resources */,
				7E91591C2BBE674200821C05 /* Assets.xcassets in Resources */,
			);
			runOnlyForDeploymentPostprocessing = 0;
		};
		7E9159222BBE674200821C05 /* Resources */ = {
			isa = PBXResourcesBuildPhase;
			buildActionMask = 2147483647;
			files = (
			);
			runOnlyForDeploymentPostprocessing = 0;
		};
		7E91592C2BBE674200821C05 /* Resources */ = {
			isa = PBXResourcesBuildPhase;
			buildActionMask = 2147483647;
			files = (
			);
			runOnlyForDeploymentPostprocessing = 0;
		};
/* End PBXResourcesBuildPhase section */

/* Begin PBXShellScriptBuildPhase section */
		894350A0FB9C50FBB494A0C1 /* [CP] Check Pods Manifest.lock */ = {
			isa = PBXShellScriptBuildPhase;
			buildActionMask = 2147483647;
			files = (
			);
			inputFileListPaths = (
			);
			inputPaths = (
				"${PODS_PODFILE_DIR_PATH}/Podfile.lock",
				"${PODS_ROOT}/Manifest.lock",
			);
			name = "[CP] Check Pods Manifest.lock";
			outputFileListPaths = (
			);
			outputPaths = (
				"$(DERIVED_FILE_DIR)/Pods-iOSChatExample-checkManifestLockResult.txt",
			);
			runOnlyForDeploymentPostprocessing = 0;
			shellPath = /bin/sh;
			shellScript = "diff \"${PODS_PODFILE_DIR_PATH}/Podfile.lock\" \"${PODS_ROOT}/Manifest.lock\" > /dev/null\nif [ $? != 0 ] ; then\n    # print error to STDERR\n    echo \"error: The sandbox is not in sync with the Podfile.lock. Run 'pod install' or update your CocoaPods installation.\" >&2\n    exit 1\nfi\n# This output is used by Xcode 'outputs' to avoid re-running this script phase.\necho \"SUCCESS\" > \"${SCRIPT_OUTPUT_FILE_0}\"\n";
			showEnvVarsInLog = 0;
		};
		899FAB91E9FDD67C46E1CBA1 /* [CP] Check Pods Manifest.lock */ = {
			isa = PBXShellScriptBuildPhase;
			buildActionMask = 2147483647;
			files = (
			);
			inputFileListPaths = (
			);
			inputPaths = (
				"${PODS_PODFILE_DIR_PATH}/Podfile.lock",
				"${PODS_ROOT}/Manifest.lock",
			);
			name = "[CP] Check Pods Manifest.lock";
			outputFileListPaths = (
			);
			outputPaths = (
				"$(DERIVED_FILE_DIR)/Pods-iOSChatExample-iOSChatExampleUITests-checkManifestLockResult.txt",
			);
			runOnlyForDeploymentPostprocessing = 0;
			shellPath = /bin/sh;
			shellScript = "diff \"${PODS_PODFILE_DIR_PATH}/Podfile.lock\" \"${PODS_ROOT}/Manifest.lock\" > /dev/null\nif [ $? != 0 ] ; then\n    # print error to STDERR\n    echo \"error: The sandbox is not in sync with the Podfile.lock. Run 'pod install' or update your CocoaPods installation.\" >&2\n    exit 1\nfi\n# This output is used by Xcode 'outputs' to avoid re-running this script phase.\necho \"SUCCESS\" > \"${SCRIPT_OUTPUT_FILE_0}\"\n";
			showEnvVarsInLog = 0;
		};
		8CD8B2CC823448A69FDCEC72 /* [CP] Check Pods Manifest.lock */ = {
			isa = PBXShellScriptBuildPhase;
			buildActionMask = 2147483647;
			files = (
			);
			inputFileListPaths = (
			);
			inputPaths = (
				"${PODS_PODFILE_DIR_PATH}/Podfile.lock",
				"${PODS_ROOT}/Manifest.lock",
			);
			name = "[CP] Check Pods Manifest.lock";
			outputFileListPaths = (
			);
			outputPaths = (
				"$(DERIVED_FILE_DIR)/Pods-iOSChatExampleTests-checkManifestLockResult.txt",
			);
			runOnlyForDeploymentPostprocessing = 0;
			shellPath = /bin/sh;
			shellScript = "diff \"${PODS_PODFILE_DIR_PATH}/Podfile.lock\" \"${PODS_ROOT}/Manifest.lock\" > /dev/null\nif [ $? != 0 ] ; then\n    # print error to STDERR\n    echo \"error: The sandbox is not in sync with the Podfile.lock. Run 'pod install' or update your CocoaPods installation.\" >&2\n    exit 1\nfi\n# This output is used by Xcode 'outputs' to avoid re-running this script phase.\necho \"SUCCESS\" > \"${SCRIPT_OUTPUT_FILE_0}\"\n";
			showEnvVarsInLog = 0;
		};
		D9EE1FB40F98C2637947EDF0 /* [CP] Embed Pods Frameworks */ = {
			isa = PBXShellScriptBuildPhase;
			buildActionMask = 2147483647;
			files = (
			);
			inputFileListPaths = (
				"${PODS_ROOT}/Target Support Files/Pods-iOSChatExample/Pods-iOSChatExample-frameworks-${CONFIGURATION}-input-files.xcfilelist",
			);
			name = "[CP] Embed Pods Frameworks";
			outputFileListPaths = (
				"${PODS_ROOT}/Target Support Files/Pods-iOSChatExample/Pods-iOSChatExample-frameworks-${CONFIGURATION}-output-files.xcfilelist",
			);
			runOnlyForDeploymentPostprocessing = 0;
			shellPath = /bin/sh;
			shellScript = "\"${PODS_ROOT}/Target Support Files/Pods-iOSChatExample/Pods-iOSChatExample-frameworks.sh\"\n";
			showEnvVarsInLog = 0;
		};
		E7B35754B474C2D3BE9B1000 /* [CP] Embed Pods Frameworks */ = {
			isa = PBXShellScriptBuildPhase;
			buildActionMask = 2147483647;
			files = (
			);
			inputFileListPaths = (
				"${PODS_ROOT}/Target Support Files/Pods-iOSChatExample-iOSChatExampleUITests/Pods-iOSChatExample-iOSChatExampleUITests-frameworks-${CONFIGURATION}-input-files.xcfilelist",
			);
			name = "[CP] Embed Pods Frameworks";
			outputFileListPaths = (
				"${PODS_ROOT}/Target Support Files/Pods-iOSChatExample-iOSChatExampleUITests/Pods-iOSChatExample-iOSChatExampleUITests-frameworks-${CONFIGURATION}-output-files.xcfilelist",
			);
			runOnlyForDeploymentPostprocessing = 0;
			shellPath = /bin/sh;
			shellScript = "\"${PODS_ROOT}/Target Support Files/Pods-iOSChatExample-iOSChatExampleUITests/Pods-iOSChatExample-iOSChatExampleUITests-frameworks.sh\"\n";
			showEnvVarsInLog = 0;
		};
/* End PBXShellScriptBuildPhase section */

/* Begin PBXSourcesBuildPhase section */
		7E9159102BBE674100821C05 /* Sources */ = {
			isa = PBXSourcesBuildPhase;
			buildActionMask = 2147483647;
			files = (
				7E9159792BBE67D500821C05 /* CommonUtils.swift in Sources */,
				7E9159752BBE67D500821C05 /* DefaultHttpClient.swift in Sources */,
				7E91596A2BBE67D500821C05 /* AppDelegate.swift in Sources */,
				7E9159642BBE67D500821C05 /* ChatMessageView.swift in Sources */,
				7E9159612BBE67D500821C05 /* TestView.swift in Sources */,
				7E9159712BBE67D500821C05 /* ChatManager.swift in Sources */,
				7E9159722BBE67D500821C05 /* TranscriptResponse.swift in Sources */,
				7E9159662BBE67D500821C05 /* ContentView.swift in Sources */,
				7E91596F2BBE67D500821C05 /* NetworkManager.swift in Sources */,
				7E9159622BBE67D500821C05 /* QuickReplyContentView.swift in Sources */,
				7E9159702BBE67D500821C05 /* CreateStartChatRequest.swift in Sources */,
				7E9159682BBE67D500821C05 /* ChatApp.swift in Sources */,
				7E9159632BBE67D500821C05 /* ListPickerContentView.swift in Sources */,
				7E9159732BBE67D500821C05 /* WebSocketManager.swift in Sources */,
				7E9159652BBE67D500821C05 /* ChatView.swift in Sources */,
				7E9159692BBE67D500821C05 /* Config.swift in Sources */,
				7E9159782BBE67D500821C05 /* HttpClient.swift in Sources */,
				7E9159602BBE67D500821C05 /* TypingIndicator.swift in Sources */,
				7E91596C2BBE67D500821C05 /* MessageContent.swift in Sources */,
				7E9159762BBE67D500821C05 /* HttpMethod.swift in Sources */,
				7E9159742BBE67D500821C05 /* ChatEvent.swift in Sources */,
				7E91596D2BBE67D500821C05 /* CreateStartChatResponse.swift in Sources */,
				7E9159772BBE67D500821C05 /* HttpHeader.swift in Sources */,
				7E91596E2BBE67D500821C05 /* Message.swift in Sources */,
				7E9159672BBE67D500821C05 /* FloatingButton.swift in Sources */,
				7E91596B2BBE67D500821C05 /* SceneDelegate.swift in Sources */,
			);
			runOnlyForDeploymentPostprocessing = 0;
		};
		7E9159202BBE674200821C05 /* Sources */ = {
			isa = PBXSourcesBuildPhase;
			buildActionMask = 2147483647;
			files = (
				7E9159292BBE674200821C05 /* iOSChatExampleTests.swift in Sources */,
			);
			runOnlyForDeploymentPostprocessing = 0;
		};
		7E91592A2BBE674200821C05 /* Sources */ = {
			isa = PBXSourcesBuildPhase;
			buildActionMask = 2147483647;
			files = (
				7E9159332BBE674200821C05 /* iOSChatExampleUITests.swift in Sources */,
				7E9159352BBE674200821C05 /* iOSChatExampleUITestsLaunchTests.swift in Sources */,
			);
			runOnlyForDeploymentPostprocessing = 0;
		};
/* End PBXSourcesBuildPhase section */

/* Begin PBXTargetDependency section */
		7E9159262BBE674200821C05 /* PBXTargetDependency */ = {
			isa = PBXTargetDependency;
			target = 7E9159132BBE674100821C05 /* iOSChatExample */;
			targetProxy = 7E9159252BBE674200821C05 /* PBXContainerItemProxy */;
		};
		7E9159302BBE674200821C05 /* PBXTargetDependency */ = {
			isa = PBXTargetDependency;
			target = 7E9159132BBE674100821C05 /* iOSChatExample */;
			targetProxy = 7E91592F2BBE674200821C05 /* PBXContainerItemProxy */;
		};
/* End PBXTargetDependency section */

/* Begin XCBuildConfiguration section */
		7E9159362BBE674200821C05 /* Debug */ = {
			isa = XCBuildConfiguration;
			buildSettings = {
				ALWAYS_SEARCH_USER_PATHS = NO;
				ASSETCATALOG_COMPILER_GENERATE_SWIFT_ASSET_SYMBOL_EXTENSIONS = YES;
				CLANG_ANALYZER_NONNULL = YES;
				CLANG_ANALYZER_NUMBER_OBJECT_CONVERSION = YES_AGGRESSIVE;
				CLANG_CXX_LANGUAGE_STANDARD = "gnu++20";
				CLANG_ENABLE_MODULES = YES;
				CLANG_ENABLE_OBJC_ARC = YES;
				CLANG_ENABLE_OBJC_WEAK = YES;
				CLANG_WARN_BLOCK_CAPTURE_AUTORELEASING = YES;
				CLANG_WARN_BOOL_CONVERSION = YES;
				CLANG_WARN_COMMA = YES;
				CLANG_WARN_CONSTANT_CONVERSION = YES;
				CLANG_WARN_DEPRECATED_OBJC_IMPLEMENTATIONS = YES;
				CLANG_WARN_DIRECT_OBJC_ISA_USAGE = YES_ERROR;
				CLANG_WARN_DOCUMENTATION_COMMENTS = YES;
				CLANG_WARN_EMPTY_BODY = YES;
				CLANG_WARN_ENUM_CONVERSION = YES;
				CLANG_WARN_INFINITE_RECURSION = YES;
				CLANG_WARN_INT_CONVERSION = YES;
				CLANG_WARN_NON_LITERAL_NULL_CONVERSION = YES;
				CLANG_WARN_OBJC_IMPLICIT_RETAIN_SELF = YES;
				CLANG_WARN_OBJC_LITERAL_CONVERSION = YES;
				CLANG_WARN_OBJC_ROOT_CLASS = YES_ERROR;
				CLANG_WARN_QUOTED_INCLUDE_IN_FRAMEWORK_HEADER = YES;
				CLANG_WARN_RANGE_LOOP_ANALYSIS = YES;
				CLANG_WARN_STRICT_PROTOTYPES = YES;
				CLANG_WARN_SUSPICIOUS_MOVE = YES;
				CLANG_WARN_UNGUARDED_AVAILABILITY = YES_AGGRESSIVE;
				CLANG_WARN_UNREACHABLE_CODE = YES;
				CLANG_WARN__DUPLICATE_METHOD_MATCH = YES;
				COPY_PHASE_STRIP = NO;
				DEBUG_INFORMATION_FORMAT = dwarf;
				ENABLE_STRICT_OBJC_MSGSEND = YES;
				ENABLE_TESTABILITY = YES;
				ENABLE_USER_SCRIPT_SANDBOXING = YES;
				GCC_C_LANGUAGE_STANDARD = gnu17;
				GCC_DYNAMIC_NO_PIC = NO;
				GCC_NO_COMMON_BLOCKS = YES;
				GCC_OPTIMIZATION_LEVEL = 0;
				GCC_PREPROCESSOR_DEFINITIONS = (
					"DEBUG=1",
					"$(inherited)",
				);
				GCC_WARN_64_TO_32_BIT_CONVERSION = YES;
				GCC_WARN_ABOUT_RETURN_TYPE = YES_ERROR;
				GCC_WARN_UNDECLARED_SELECTOR = YES;
				GCC_WARN_UNINITIALIZED_AUTOS = YES_AGGRESSIVE;
				GCC_WARN_UNUSED_FUNCTION = YES;
				GCC_WARN_UNUSED_VARIABLE = YES;
				IPHONEOS_DEPLOYMENT_TARGET = 17.2;
				LOCALIZATION_PREFERS_STRING_CATALOGS = YES;
				MTL_ENABLE_DEBUG_INFO = INCLUDE_SOURCE;
				MTL_FAST_MATH = YES;
				ONLY_ACTIVE_ARCH = YES;
				SDKROOT = iphoneos;
				SWIFT_ACTIVE_COMPILATION_CONDITIONS = "DEBUG $(inherited)";
				SWIFT_OPTIMIZATION_LEVEL = "-Onone";
			};
			name = Debug;
		};
		7E9159372BBE674200821C05 /* Release */ = {
			isa = XCBuildConfiguration;
			buildSettings = {
				ALWAYS_SEARCH_USER_PATHS = NO;
				ASSETCATALOG_COMPILER_GENERATE_SWIFT_ASSET_SYMBOL_EXTENSIONS = YES;
				CLANG_ANALYZER_NONNULL = YES;
				CLANG_ANALYZER_NUMBER_OBJECT_CONVERSION = YES_AGGRESSIVE;
				CLANG_CXX_LANGUAGE_STANDARD = "gnu++20";
				CLANG_ENABLE_MODULES = YES;
				CLANG_ENABLE_OBJC_ARC = YES;
				CLANG_ENABLE_OBJC_WEAK = YES;
				CLANG_WARN_BLOCK_CAPTURE_AUTORELEASING = YES;
				CLANG_WARN_BOOL_CONVERSION = YES;
				CLANG_WARN_COMMA = YES;
				CLANG_WARN_CONSTANT_CONVERSION = YES;
				CLANG_WARN_DEPRECATED_OBJC_IMPLEMENTATIONS = YES;
				CLANG_WARN_DIRECT_OBJC_ISA_USAGE = YES_ERROR;
				CLANG_WARN_DOCUMENTATION_COMMENTS = YES;
				CLANG_WARN_EMPTY_BODY = YES;
				CLANG_WARN_ENUM_CONVERSION = YES;
				CLANG_WARN_INFINITE_RECURSION = YES;
				CLANG_WARN_INT_CONVERSION = YES;
				CLANG_WARN_NON_LITERAL_NULL_CONVERSION = YES;
				CLANG_WARN_OBJC_IMPLICIT_RETAIN_SELF = YES;
				CLANG_WARN_OBJC_LITERAL_CONVERSION = YES;
				CLANG_WARN_OBJC_ROOT_CLASS = YES_ERROR;
				CLANG_WARN_QUOTED_INCLUDE_IN_FRAMEWORK_HEADER = YES;
				CLANG_WARN_RANGE_LOOP_ANALYSIS = YES;
				CLANG_WARN_STRICT_PROTOTYPES = YES;
				CLANG_WARN_SUSPICIOUS_MOVE = YES;
				CLANG_WARN_UNGUARDED_AVAILABILITY = YES_AGGRESSIVE;
				CLANG_WARN_UNREACHABLE_CODE = YES;
				CLANG_WARN__DUPLICATE_METHOD_MATCH = YES;
				COPY_PHASE_STRIP = NO;
				DEBUG_INFORMATION_FORMAT = "dwarf-with-dsym";
				ENABLE_NS_ASSERTIONS = NO;
				ENABLE_STRICT_OBJC_MSGSEND = YES;
				ENABLE_USER_SCRIPT_SANDBOXING = YES;
				GCC_C_LANGUAGE_STANDARD = gnu17;
				GCC_NO_COMMON_BLOCKS = YES;
				GCC_WARN_64_TO_32_BIT_CONVERSION = YES;
				GCC_WARN_ABOUT_RETURN_TYPE = YES_ERROR;
				GCC_WARN_UNDECLARED_SELECTOR = YES;
				GCC_WARN_UNINITIALIZED_AUTOS = YES_AGGRESSIVE;
				GCC_WARN_UNUSED_FUNCTION = YES;
				GCC_WARN_UNUSED_VARIABLE = YES;
				IPHONEOS_DEPLOYMENT_TARGET = 17.2;
				LOCALIZATION_PREFERS_STRING_CATALOGS = YES;
				MTL_ENABLE_DEBUG_INFO = NO;
				MTL_FAST_MATH = YES;
				SDKROOT = iphoneos;
				SWIFT_COMPILATION_MODE = wholemodule;
				VALIDATE_PRODUCT = YES;
			};
			name = Release;
		};
		7E9159392BBE674200821C05 /* Debug */ = {
			isa = XCBuildConfiguration;
			baseConfigurationReference = 87BDA2C5D5797785082F5C61 /* Pods-iOSChatExample.debug.xcconfig */;
			buildSettings = {
				ASSETCATALOG_COMPILER_APPICON_NAME = AppIcon;
				ASSETCATALOG_COMPILER_GLOBAL_ACCENT_COLOR_NAME = AccentColor;
				CLANG_ENABLE_MODULES = YES;
				CODE_SIGN_STYLE = Automatic;
				CURRENT_PROJECT_VERSION = 1;
				DEVELOPMENT_ASSET_PATHS = "\"iOSChatExample/Preview Content\"";
				DEVELOPMENT_TEAM = 94KV3E626L;
				ENABLE_PREVIEWS = YES;
				ENABLE_USER_SCRIPT_SANDBOXING = NO;
				GENERATE_INFOPLIST_FILE = YES;
				INFOPLIST_KEY_UIApplicationSceneManifest_Generation = YES;
				INFOPLIST_KEY_UIApplicationSupportsIndirectInputEvents = YES;
				INFOPLIST_KEY_UILaunchScreen_Generation = YES;
				INFOPLIST_KEY_UISupportedInterfaceOrientations_iPad = "UIInterfaceOrientationPortrait UIInterfaceOrientationPortraitUpsideDown UIInterfaceOrientationLandscapeLeft UIInterfaceOrientationLandscapeRight";
				INFOPLIST_KEY_UISupportedInterfaceOrientations_iPhone = "UIInterfaceOrientationPortrait UIInterfaceOrientationLandscapeLeft UIInterfaceOrientationLandscapeRight";
				LD_RUNPATH_SEARCH_PATHS = (
					"$(inherited)",
					"@executable_path/Frameworks",
				);
				MARKETING_VERSION = 1.0;
				PRODUCT_BUNDLE_IDENTIFIER = connect.iOSChatExample;
				PRODUCT_NAME = "$(TARGET_NAME)";
				SWIFT_EMIT_LOC_STRINGS = YES;
				SWIFT_OPTIMIZATION_LEVEL = "-Onone";
				SWIFT_VERSION = 5.0;
				TARGETED_DEVICE_FAMILY = "1,2";
			};
			name = Debug;
		};
		7E91593A2BBE674200821C05 /* Release */ = {
			isa = XCBuildConfiguration;
			baseConfigurationReference = 4DA7AD106CD43AFBCDA6B713 /* Pods-iOSChatExample.release.xcconfig */;
			buildSettings = {
				ASSETCATALOG_COMPILER_APPICON_NAME = AppIcon;
				ASSETCATALOG_COMPILER_GLOBAL_ACCENT_COLOR_NAME = AccentColor;
				CLANG_ENABLE_MODULES = YES;
				CODE_SIGN_STYLE = Automatic;
				CURRENT_PROJECT_VERSION = 1;
				DEVELOPMENT_ASSET_PATHS = "\"iOSChatExample/Preview Content\"";
				DEVELOPMENT_TEAM = 94KV3E626L;
				ENABLE_PREVIEWS = YES;
				ENABLE_USER_SCRIPT_SANDBOXING = NO;
				GENERATE_INFOPLIST_FILE = YES;
				INFOPLIST_KEY_UIApplicationSceneManifest_Generation = YES;
				INFOPLIST_KEY_UIApplicationSupportsIndirectInputEvents = YES;
				INFOPLIST_KEY_UILaunchScreen_Generation = YES;
				INFOPLIST_KEY_UISupportedInterfaceOrientations_iPad = "UIInterfaceOrientationPortrait UIInterfaceOrientationPortraitUpsideDown UIInterfaceOrientationLandscapeLeft UIInterfaceOrientationLandscapeRight";
				INFOPLIST_KEY_UISupportedInterfaceOrientations_iPhone = "UIInterfaceOrientationPortrait UIInterfaceOrientationLandscapeLeft UIInterfaceOrientationLandscapeRight";
				LD_RUNPATH_SEARCH_PATHS = (
					"$(inherited)",
					"@executable_path/Frameworks",
				);
				MARKETING_VERSION = 1.0;
				PRODUCT_BUNDLE_IDENTIFIER = connect.iOSChatExample;
				PRODUCT_NAME = "$(TARGET_NAME)";
				SWIFT_EMIT_LOC_STRINGS = YES;
				SWIFT_VERSION = 5.0;
				TARGETED_DEVICE_FAMILY = "1,2";
			};
			name = Release;
		};
		7E91593C2BBE674200821C05 /* Debug */ = {
			isa = XCBuildConfiguration;
			baseConfigurationReference = FF3B8D52D30464DDBCE5C30F /* Pods-iOSChatExampleTests.debug.xcconfig */;
			buildSettings = {
				ALWAYS_EMBED_SWIFT_STANDARD_LIBRARIES = YES;
				BUNDLE_LOADER = "$(TEST_HOST)";
				CODE_SIGN_STYLE = Automatic;
				CURRENT_PROJECT_VERSION = 1;
				DEVELOPMENT_TEAM = 94KV3E626L;
				GENERATE_INFOPLIST_FILE = YES;
				IPHONEOS_DEPLOYMENT_TARGET = 17.2;
				MARKETING_VERSION = 1.0;
				PRODUCT_BUNDLE_IDENTIFIER = connect.iOSChatExampleTests;
				PRODUCT_NAME = "$(TARGET_NAME)";
				SWIFT_EMIT_LOC_STRINGS = NO;
				SWIFT_VERSION = 5.0;
				TARGETED_DEVICE_FAMILY = "1,2";
				TEST_HOST = "$(BUILT_PRODUCTS_DIR)/iOSChatExample.app/$(BUNDLE_EXECUTABLE_FOLDER_PATH)/iOSChatExample";
			};
			name = Debug;
		};
		7E91593D2BBE674200821C05 /* Release */ = {
			isa = XCBuildConfiguration;
			baseConfigurationReference = 65AC4142F3B70089B68792DD /* Pods-iOSChatExampleTests.release.xcconfig */;
			buildSettings = {
				ALWAYS_EMBED_SWIFT_STANDARD_LIBRARIES = YES;
				BUNDLE_LOADER = "$(TEST_HOST)";
				CODE_SIGN_STYLE = Automatic;
				CURRENT_PROJECT_VERSION = 1;
				DEVELOPMENT_TEAM = 94KV3E626L;
				GENERATE_INFOPLIST_FILE = YES;
				IPHONEOS_DEPLOYMENT_TARGET = 17.2;
				MARKETING_VERSION = 1.0;
				PRODUCT_BUNDLE_IDENTIFIER = connect.iOSChatExampleTests;
				PRODUCT_NAME = "$(TARGET_NAME)";
				SWIFT_EMIT_LOC_STRINGS = NO;
				SWIFT_VERSION = 5.0;
				TARGETED_DEVICE_FAMILY = "1,2";
				TEST_HOST = "$(BUILT_PRODUCTS_DIR)/iOSChatExample.app/$(BUNDLE_EXECUTABLE_FOLDER_PATH)/iOSChatExample";
			};
			name = Release;
		};
		7E91593F2BBE674200821C05 /* Debug */ = {
			isa = XCBuildConfiguration;
			baseConfigurationReference = AC5E6D01633F96994CE633CA /* Pods-iOSChatExample-iOSChatExampleUITests.debug.xcconfig */;
			buildSettings = {
				ALWAYS_EMBED_SWIFT_STANDARD_LIBRARIES = YES;
				CODE_SIGN_STYLE = Automatic;
				CURRENT_PROJECT_VERSION = 1;
				DEVELOPMENT_TEAM = 94KV3E626L;
				GENERATE_INFOPLIST_FILE = YES;
				MARKETING_VERSION = 1.0;
				PRODUCT_BUNDLE_IDENTIFIER = connect.iOSChatExampleUITests;
				PRODUCT_NAME = "$(TARGET_NAME)";
				SWIFT_EMIT_LOC_STRINGS = NO;
				SWIFT_VERSION = 5.0;
				TARGETED_DEVICE_FAMILY = "1,2";
				TEST_TARGET_NAME = iOSChatExample;
			};
			name = Debug;
		};
		7E9159402BBE674200821C05 /* Release */ = {
			isa = XCBuildConfiguration;
			baseConfigurationReference = 96C0239A868D653B1596D9D5 /* Pods-iOSChatExample-iOSChatExampleUITests.release.xcconfig */;
			buildSettings = {
				ALWAYS_EMBED_SWIFT_STANDARD_LIBRARIES = YES;
				CODE_SIGN_STYLE = Automatic;
				CURRENT_PROJECT_VERSION = 1;
				DEVELOPMENT_TEAM = 94KV3E626L;
				GENERATE_INFOPLIST_FILE = YES;
				MARKETING_VERSION = 1.0;
				PRODUCT_BUNDLE_IDENTIFIER = connect.iOSChatExampleUITests;
				PRODUCT_NAME = "$(TARGET_NAME)";
				SWIFT_EMIT_LOC_STRINGS = NO;
				SWIFT_VERSION = 5.0;
				TARGETED_DEVICE_FAMILY = "1,2";
				TEST_TARGET_NAME = iOSChatExample;
			};
			name = Release;
		};
/* End XCBuildConfiguration section */

/* Begin XCConfigurationList section */
		7E91590F2BBE674100821C05 /* Build configuration list for PBXProject "iOSChatExample" */ = {
			isa = XCConfigurationList;
			buildConfigurations = (
				7E9159362BBE674200821C05 /* Debug */,
				7E9159372BBE674200821C05 /* Release */,
			);
			defaultConfigurationIsVisible = 0;
			defaultConfigurationName = Release;
		};
		7E9159382BBE674200821C05 /* Build configuration list for PBXNativeTarget "iOSChatExample" */ = {
			isa = XCConfigurationList;
			buildConfigurations = (
				7E9159392BBE674200821C05 /* Debug */,
				7E91593A2BBE674200821C05 /* Release */,
			);
			defaultConfigurationIsVisible = 0;
			defaultConfigurationName = Release;
		};
		7E91593B2BBE674200821C05 /* Build configuration list for PBXNativeTarget "iOSChatExampleTests" */ = {
			isa = XCConfigurationList;
			buildConfigurations = (
				7E91593C2BBE674200821C05 /* Debug */,
				7E91593D2BBE674200821C05 /* Release */,
			);
			defaultConfigurationIsVisible = 0;
			defaultConfigurationName = Release;
		};
		7E91593E2BBE674200821C05 /* Build configuration list for PBXNativeTarget "iOSChatExampleUITests" */ = {
			isa = XCConfigurationList;
			buildConfigurations = (
				7E91593F2BBE674200821C05 /* Debug */,
				7E9159402BBE674200821C05 /* Release */,
			);
			defaultConfigurationIsVisible = 0;
			defaultConfigurationName = Release;
		};
/* End XCConfigurationList section */
	};
	rootObject = 7E91590C2BBE674100821C05 /* Project object */;
}
