PODS:
  - AWSConnect (2.33.4):
    - AWSCore (= 2.33.4)
  - AWSConnectParticipant (2.33.4):
    - AWSCore (= 2.33.4)
  - AWSCore (2.33.4)
  - Starscream (4.0.6)

DEPENDENCIES:
  - AWSConnect
  - AWSConnectParticipant
  - AWSCore
  - Starscream (~> 4.0)

SPEC REPOS:
  trunk:
    - AWSConnect
    - AWSConnectParticipant
    - AWSCore
    - Starscream

SPEC CHECKSUMS:
  AWSConnect: 5cb70809f7d2bd4549fe577a6fdf027be050e1ac
  AWSConnectParticipant: d016830fc2883d4b5a62dff6c7cc4d933f5f47b6
  AWSCore: 83e3416d2224ba98b61d8eadcfcb1f90f48fab82
  Starscream: fb2c4510bebf908c62bd383bcf05e673720e91fd

PODFILE CHECKSUM: 022ec376b4a92848f5d65689be375dbaf927dd53

COCOAPODS: 1.15.2
